{
    "_readme": [
        "This file locks the dependencies of your project to a known state",
        "Read more about it at http://getcomposer.org/doc/01-basic-usage.md#composer-lock-the-lock-file"
    ],
    "hash": "00b5d0e9146111179ca82ebb642e3158",
    "packages": [
        {
            "name": "bartlett/php-reflect",
            "version": "2.5.0",
            "source": {
                "type": "git",
                "url": "https://github.com/llaville/php-reflect.git",
                "reference": "0e2a467f0b6f0c19ee61263bce97fb387408c6e3"
            },
            "dist": {
                "type": "zip",
                "url": "https://api.github.com/repos/llaville/php-reflect/zipball/0e2a467f0b6f0c19ee61263bce97fb387408c6e3",
                "reference": "0e2a467f0b6f0c19ee61263bce97fb387408c6e3",
                "shasum": ""
            },
            "require": {
                "ext-date": "*",
                "ext-json": "*",
                "ext-pcre": "*",
                "ext-reflection": "*",
                "ext-spl": "*",
                "ext-tokenizer": "*",
                "nikic/php-parser": "~1.0",
                "php": ">=5.3.0",
                "phpunit/php-timer": "~1.0",
                "sebastian/version": "~1.0",
                "seld/jsonlint": "~1.1",
                "symfony/console": "~2.5",
                "symfony/event-dispatcher": "~2.5",
                "symfony/finder": "~2.5"
            },
            "suggest": {
                "doctrine/cache": "Allow caching results",
                "monolog/monolog": "Allow logging events with the LogPlugin",
                "psr/log": "Allow logging events with the LogPlugin"
            },
            "bin": [
                "bin/phpreflect"
            ],
            "type": "library",
            "autoload": {
                "psr-0": {
                    "Bartlett\\": "src/",
                    "Bartlett\\Tests\\Reflect\\": "tests/"
                }
            },
            "notification-url": "https://packagist.org/downloads/",
            "license": [
                "BSD-3-Clause"
            ],
            "authors": [
                {
                    "name": "Laurent Laville",
                    "email": "pear@laurent-laville.org",
                    "homepage": "https://github.com/llaville",
                    "role": "Lead"
                }
            ],
            "description": "Adds the ability to reverse-engineer classes, interfaces, functions, constants, namespaces, traits and more.",
            "homepage": "http://php5.laurent-laville.org/reflect/",
            "time": "2014-10-16 12:13:07"
        },
        {
            "name": "nikic/php-parser",
            "version": "v1.0.1",
            "source": {
                "type": "git",
                "url": "https://github.com/nikic/PHP-Parser.git",
                "reference": "b9a60372f26356feb85b4b9ca50a395a5f0d7f34"
            },
            "dist": {
                "type": "zip",
                "url": "https://api.github.com/repos/nikic/PHP-Parser/zipball/b9a60372f26356feb85b4b9ca50a395a5f0d7f34",
                "reference": "b9a60372f26356feb85b4b9ca50a395a5f0d7f34",
                "shasum": ""
            },
            "require": {
                "ext-tokenizer": "*",
                "php": ">=5.3"
            },
            "type": "library",
            "extra": {
                "branch-alias": {
                    "dev-master": "1.0-dev"
                }
            },
            "autoload": {
                "files": [
                    "lib/bootstrap.php"
                ]
            },
            "notification-url": "https://packagist.org/downloads/",
            "license": [
                "BSD-3-Clause"
            ],
            "authors": [
                {
                    "name": "Nikita Popov"
                }
            ],
            "description": "A PHP parser written in PHP",
            "keywords": [
                "parser",
                "php"
            ],
            "time": "2014-10-14 19:40:07"
        },
        {
            "name": "phpunit/php-timer",
            "version": "1.0.5",
            "source": {
                "type": "git",
                "url": "https://github.com/sebastianbergmann/php-timer.git",
                "reference": "19689d4354b295ee3d8c54b4f42c3efb69cbc17c"
            },
            "dist": {
                "type": "zip",
                "url": "https://api.github.com/repos/sebastianbergmann/php-timer/zipball/19689d4354b295ee3d8c54b4f42c3efb69cbc17c",
                "reference": "19689d4354b295ee3d8c54b4f42c3efb69cbc17c",
                "shasum": ""
            },
            "require": {
                "php": ">=5.3.3"
            },
            "type": "library",
            "autoload": {
                "classmap": [
                    "PHP/"
                ]
            },
            "notification-url": "https://packagist.org/downloads/",
            "include-path": [
                ""
            ],
            "license": [
                "BSD-3-Clause"
            ],
            "authors": [
                {
                    "name": "Sebastian Bergmann",
                    "email": "sb@sebastian-bergmann.de",
                    "role": "lead"
                }
            ],
            "description": "Utility class for timing",
            "homepage": "https://github.com/sebastianbergmann/php-timer/",
            "keywords": [
                "timer"
            ],
            "time": "2013-08-02 07:42:54"
        },
        {
            "name": "sebastian/version",
            "version": "1.0.3",
            "source": {
                "type": "git",
                "url": "https://github.com/sebastianbergmann/version.git",
                "reference": "b6e1f0cf6b9e1ec409a0d3e2f2a5fb0998e36b43"
            },
            "dist": {
                "type": "zip",
                "url": "https://api.github.com/repos/sebastianbergmann/version/zipball/b6e1f0cf6b9e1ec409a0d3e2f2a5fb0998e36b43",
                "reference": "b6e1f0cf6b9e1ec409a0d3e2f2a5fb0998e36b43",
                "shasum": ""
            },
            "type": "library",
            "autoload": {
                "classmap": [
                    "src/"
                ]
            },
            "notification-url": "https://packagist.org/downloads/",
            "license": [
                "BSD-3-Clause"
            ],
            "authors": [
                {
                    "name": "Sebastian Bergmann",
                    "email": "sebastian@phpunit.de",
                    "role": "lead"
                }
            ],
            "description": "Library that helps with managing the version number of Git-hosted PHP projects",
            "homepage": "https://github.com/sebastianbergmann/version",
            "time": "2014-03-07 15:35:33"
        },
        {
            "name": "seld/jsonlint",
            "version": "1.3.0",
            "source": {
                "type": "git",
                "url": "https://github.com/Seldaek/jsonlint.git",
                "reference": "a7bc2ec9520ad15382292591b617c43bdb1fec35"
            },
            "dist": {
                "type": "zip",
                "url": "https://api.github.com/repos/Seldaek/jsonlint/zipball/a7bc2ec9520ad15382292591b617c43bdb1fec35",
                "reference": "a7bc2ec9520ad15382292591b617c43bdb1fec35",
                "shasum": ""
            },
            "require": {
                "php": ">=5.3.0"
            },
            "bin": [
                "bin/jsonlint"
            ],
            "type": "library",
            "autoload": {
                "psr-4": {
                    "Seld\\JsonLint\\": "src/Seld/JsonLint/"
                }
            },
            "notification-url": "https://packagist.org/downloads/",
            "license": [
                "MIT"
            ],
            "authors": [
                {
                    "name": "Jordi Boggiano",
                    "email": "j.boggiano@seld.be",
                    "homepage": "http://seld.be"
                }
            ],
            "description": "JSON Linter",
            "keywords": [
                "json",
                "linter",
                "parser",
                "validator"
            ],
            "time": "2014-09-05 15:36:20"
        },
        {
            "name": "symfony/console",
            "version": "v2.5.6",
            "target-dir": "Symfony/Component/Console",
            "source": {
                "type": "git",
                "url": "https://github.com/symfony/Console.git",
                "reference": "6f177fca24200a5b97aef5ce7a5c98124a0f0db0"
            },
            "dist": {
                "type": "zip",
                "url": "https://api.github.com/repos/symfony/Console/zipball/6f177fca24200a5b97aef5ce7a5c98124a0f0db0",
                "reference": "6f177fca24200a5b97aef5ce7a5c98124a0f0db0",
                "shasum": ""
            },
            "require": {
                "php": ">=5.3.3"
            },
            "require-dev": {
                "psr/log": "~1.0",
                "symfony/event-dispatcher": "~2.1"
            },
            "suggest": {
                "psr/log": "For using the console logger",
                "symfony/event-dispatcher": ""
            },
            "type": "library",
            "extra": {
                "branch-alias": {
                    "dev-master": "2.5-dev"
                }
            },
            "autoload": {
                "psr-0": {
                    "Symfony\\Component\\Console\\": ""
                }
            },
            "notification-url": "https://packagist.org/downloads/",
            "license": [
                "MIT"
            ],
            "authors": [
                {
                    "name": "Symfony Community",
                    "homepage": "http://symfony.com/contributors"
                },
                {
                    "name": "Fabien Potencier",
                    "email": "fabien@symfony.com"
                }
            ],
            "description": "Symfony Console Component",
            "homepage": "http://symfony.com",
            "time": "2014-10-05 13:57:04"
        },
        {
            "name": "symfony/event-dispatcher",
            "version": "v2.5.6",
            "target-dir": "Symfony/Component/EventDispatcher",
            "source": {
                "type": "git",
                "url": "https://github.com/symfony/EventDispatcher.git",
                "reference": "804eb28dbbfba9ffdab21fe2066744906cea2212"
            },
            "dist": {
                "type": "zip",
                "url": "https://api.github.com/repos/symfony/EventDispatcher/zipball/804eb28dbbfba9ffdab21fe2066744906cea2212",
                "reference": "804eb28dbbfba9ffdab21fe2066744906cea2212",
                "shasum": ""
            },
            "require": {
                "php": ">=5.3.3"
            },
            "require-dev": {
                "psr/log": "~1.0",
                "symfony/config": "~2.0",
                "symfony/dependency-injection": "~2.0,<2.6.0",
                "symfony/stopwatch": "~2.2"
            },
            "suggest": {
                "symfony/dependency-injection": "",
                "symfony/http-kernel": ""
            },
            "type": "library",
            "extra": {
                "branch-alias": {
                    "dev-master": "2.5-dev"
                }
            },
            "autoload": {
                "psr-0": {
                    "Symfony\\Component\\EventDispatcher\\": ""
                }
            },
            "notification-url": "https://packagist.org/downloads/",
            "license": [
                "MIT"
            ],
            "authors": [
                {
                    "name": "Symfony Community",
                    "homepage": "http://symfony.com/contributors"
                },
                {
                    "name": "Fabien Potencier",
                    "email": "fabien@symfony.com"
                }
            ],
            "description": "Symfony EventDispatcher Component",
            "homepage": "http://symfony.com",
            "time": "2014-10-01 15:43:05"
        },
        {
            "name": "symfony/finder",
            "version": "v2.5.6",
            "target-dir": "Symfony/Component/Finder",
            "source": {
                "type": "git",
                "url": "https://github.com/symfony/Finder.git",
                "reference": "cf66df4e783e6aade319b273c9bcf9e42aa9b10f"
            },
            "dist": {
                "type": "zip",
                "url": "https://api.github.com/repos/symfony/Finder/zipball/cf66df4e783e6aade319b273c9bcf9e42aa9b10f",
                "reference": "cf66df4e783e6aade319b273c9bcf9e42aa9b10f",
                "shasum": ""
            },
            "require": {
                "php": ">=5.3.3"
            },
            "type": "library",
            "extra": {
                "branch-alias": {
                    "dev-master": "2.5-dev"
                }
            },
            "autoload": {
                "psr-0": {
                    "Symfony\\Component\\Finder\\": ""
                }
            },
            "notification-url": "https://packagist.org/downloads/",
            "license": [
                "MIT"
            ],
            "authors": [
                {
                    "name": "Symfony Community",
                    "homepage": "http://symfony.com/contributors"
                },
                {
                    "name": "Fabien Potencier",
                    "email": "fabien@symfony.com"
                }
            ],
            "description": "Symfony Finder Component",
            "homepage": "http://symfony.com",
            "time": "2014-10-01 05:50:18"
        }
    ],
    "packages-dev": [
        {
            "name": "bartlett/phpunit-loggertestlistener",
            "version": "1.1.0",
            "source": {
                "type": "git",
                "url": "https://github.com/llaville/phpunit-LoggerTestListener.git",
                "reference": "1c16b2741b1b29dcbdf79d44a83575f628ab0605"
            },
            "dist": {
                "type": "zip",
                "url": "https://api.github.com/repos/llaville/phpunit-LoggerTestListener/zipball/1c16b2741b1b29dcbdf79d44a83575f628ab0605",
                "reference": "1c16b2741b1b29dcbdf79d44a83575f628ab0605",
                "shasum": ""
            },
            "require": {
                "php": ">=5.3.0",
                "psr/log": "~1.0"
            },
            "suggest": {
                "monolog/monolog": "For advanced logging strategies"
            },
            "type": "library",
            "autoload": {
                "psr-0": {
                    "Bartlett\\": "src/"
                }
            },
            "notification-url": "https://packagist.org/downloads/",
            "license": [
                "BSD-3-Clause"
            ],
            "authors": [
                {
                    "name": "Laurent Laville",
                    "email": "pear@laurent-laville.org",
                    "homepage": "https://github.com/llaville",
                    "role": "Lead"
                }
            ],
            "description": "PHPUnit Test Suite listener for compatible PSR-3 logger",
            "homepage": "https://github.com/llaville/phpunit-LoggerTestListener",
            "time": "2014-09-17 09:12:57"
        },
        {
            "name": "doctrine/cache",
            "version": "v1.3.1",
            "source": {
                "type": "git",
                "url": "https://github.com/doctrine/cache.git",
                "reference": "cf483685798a72c93bf4206e3dd6358ea07d64e7"
            },
            "dist": {
                "type": "zip",
                "url": "https://api.github.com/repos/doctrine/cache/zipball/cf483685798a72c93bf4206e3dd6358ea07d64e7",
                "reference": "cf483685798a72c93bf4206e3dd6358ea07d64e7",
                "shasum": ""
            },
            "require": {
                "php": ">=5.3.2"
            },
            "conflict": {
                "doctrine/common": ">2.2,<2.4"
            },
            "require-dev": {
                "phpunit/phpunit": ">=3.7",
                "satooshi/php-coveralls": "~0.6"
            },
            "type": "library",
            "extra": {
                "branch-alias": {
                    "dev-master": "1.4.x-dev"
                }
            },
            "autoload": {
                "psr-0": {
                    "Doctrine\\Common\\Cache\\": "lib/"
                }
            },
            "notification-url": "https://packagist.org/downloads/",
            "license": [
                "MIT"
            ],
            "authors": [
                {
                    "name": "Roman Borschel",
                    "email": "roman@code-factory.org"
                },
                {
                    "name": "Benjamin Eberlei",
                    "email": "kontakt@beberlei.de"
                },
                {
                    "name": "Guilherme Blanco",
                    "email": "guilhermeblanco@gmail.com"
                },
                {
                    "name": "Jonathan Wage",
                    "email": "jonwage@gmail.com"
                },
                {
                    "name": "Johannes Schmitt",
                    "email": "schmittjoh@gmail.com"
                }
            ],
            "description": "Caching library offering an object-oriented API for many cache backends",
            "homepage": "http://www.doctrine-project.org",
            "keywords": [
                "cache",
                "caching"
            ],
            "time": "2014-09-17 14:24:04"
        },
        {
            "name": "monolog/monolog",
            "version": "1.11.0",
            "source": {
                "type": "git",
                "url": "https://github.com/Seldaek/monolog.git",
                "reference": "ec3961874c43840e96da3a8a1ed20d8c73d7e5aa"
            },
            "dist": {
                "type": "zip",
                "url": "https://api.github.com/repos/Seldaek/monolog/zipball/ec3961874c43840e96da3a8a1ed20d8c73d7e5aa",
                "reference": "ec3961874c43840e96da3a8a1ed20d8c73d7e5aa",
                "shasum": ""
            },
            "require": {
                "php": ">=5.3.0",
                "psr/log": "~1.0"
            },
            "provide": {
                "psr/log-implementation": "1.0.0"
            },
            "require-dev": {
                "aws/aws-sdk-php": "~2.4, >2.4.8",
                "doctrine/couchdb": "~1.0@dev",
                "graylog2/gelf-php": "~1.0",
                "phpunit/phpunit": "~3.7.0",
                "raven/raven": "~0.5",
                "ruflin/elastica": "0.90.*",
                "videlalvaro/php-amqplib": "~2.4"
            },
            "suggest": {
                "aws/aws-sdk-php": "Allow sending log messages to AWS services like DynamoDB",
                "doctrine/couchdb": "Allow sending log messages to a CouchDB server",
                "ext-amqp": "Allow sending log messages to an AMQP server (1.0+ required)",
                "ext-mongo": "Allow sending log messages to a MongoDB server",
                "graylog2/gelf-php": "Allow sending log messages to a GrayLog2 server",
                "raven/raven": "Allow sending log messages to a Sentry server",
                "rollbar/rollbar": "Allow sending log messages to Rollbar",
                "ruflin/elastica": "Allow sending log messages to an Elastic Search server",
                "videlalvaro/php-amqplib": "Allow sending log messages to an AMQP server using php-amqplib"
            },
            "type": "library",
            "extra": {
                "branch-alias": {
                    "dev-master": "1.11.x-dev"
                }
            },
            "autoload": {
                "psr-4": {
                    "Monolog\\": "src/Monolog"
                }
            },
            "notification-url": "https://packagist.org/downloads/",
            "license": [
                "MIT"
            ],
            "authors": [
                {
                    "name": "Jordi Boggiano",
                    "email": "j.boggiano@seld.be",
                    "homepage": "http://seld.be"
                }
            ],
            "description": "Sends your logs to files, sockets, inboxes, databases and various web services",
            "homepage": "http://github.com/Seldaek/monolog",
            "keywords": [
                "log",
                "logging",
                "psr-3"
            ],
            "time": "2014-09-30 13:30:58"
        },
        {
            "name": "psr/log",
            "version": "1.0.0",
            "source": {
                "type": "git",
                "url": "https://github.com/php-fig/log.git",
                "reference": "fe0936ee26643249e916849d48e3a51d5f5e278b"
            },
            "dist": {
                "type": "zip",
                "url": "https://api.github.com/repos/php-fig/log/zipball/fe0936ee26643249e916849d48e3a51d5f5e278b",
                "reference": "fe0936ee26643249e916849d48e3a51d5f5e278b",
                "shasum": ""
            },
            "type": "library",
            "autoload": {
                "psr-0": {
                    "Psr\\Log\\": ""
                }
            },
            "notification-url": "https://packagist.org/downloads/",
            "license": [
                "MIT"
            ],
            "authors": [
                {
                    "name": "PHP-FIG",
                    "homepage": "http://www.php-fig.org/"
                }
            ],
            "description": "Common interface for logging libraries",
            "keywords": [
                "log",
                "psr",
                "psr-3"
            ],
            "time": "2012-12-21 11:40:51"
        }
    ],
    "aliases": [],
    "minimum-stability": "stable",
    "stability-flags": [],
    "platform": {
        "php": ">=5.3.0",
        "ext-libxml": "*",
        "ext-pcre": "*",
        "ext-spl": "*",
        "ext-json": "*"
    },
    "platform-dev": []
}
