{
    "_readme": [
        "This file locks the dependencies of your project to a known state",
        "Read more about it at http://getcomposer.org/doc/01-basic-usage.md#composer-lock-the-lock-file",
        "This file is @generated automatically"
    ],
    "hash": "6bf72e7faadb3c933963d177dcbcf3bf",
    "packages": [
        {
            "name": "bartlett/php-reflect",
            "version": "3.0.x-dev",
            "source": {
                "type": "git",
                "url": "https://github.com/llaville/php-reflect.git",
                "reference": "602a40f747d26ae6edbbfb6d6ef0d41d7b8aedcb"
            },
            "dist": {
                "type": "zip",
                "url": "https://api.github.com/repos/llaville/php-reflect/zipball/602a40f747d26ae6edbbfb6d6ef0d41d7b8aedcb",
                "reference": "602a40f747d26ae6edbbfb6d6ef0d41d7b8aedcb",
                "shasum": ""
            },
            "require": {
                "doctrine/collections": "~1.2",
                "ext-date": "*",
                "ext-json": "*",
                "ext-pcre": "*",
                "ext-pdo_sqlite": "*",
                "ext-reflection": "*",
                "ext-spl": "*",
                "ext-tokenizer": "*",
                "justinrainbow/json-schema": "~1.3",
                "nikic/php-parser": "~1.0",
                "php": ">=5.3.0",
                "phpdocumentor/reflection-docblock": "~2.0",
                "sebastian/version": "~1.0",
                "seld/jsonlint": "~1.1",
                "symfony/console": "~2.5",
                "symfony/dependency-injection": "~2.5",
                "symfony/event-dispatcher": "~2.5",
                "symfony/finder": "~2.5",
                "symfony/stopwatch": "~2.5"
            },
            "require-dev": {
                "bartlett/phpunit-loggertestlistener": "~1.1",
                "doctrine/cache": "~1.3",
                "monolog/monolog": "~1.10",
                "psr/log": "~1.0"
            },
            "suggest": {
                "bartlett/phpunit-loggertestlistener": "Allow logging unit tests to your favorite PSR-3 logger interface",
                "doctrine/cache": "Allow caching results",
                "monolog/monolog": "Allow logging events with the LogPlugin",
                "psr/log": "Allow logging events with the LogPlugin"
            },
            "bin": [
                "bin/phpreflect"
            ],
            "type": "library",
            "autoload": {
                "psr-0": {
                    "Bartlett\\": "src/"
                }
            },
            "notification-url": "https://packagist.org/downloads/",
            "license": [
                "BSD-3-Clause"
            ],
            "authors": [
                {
                    "name": "Laurent Laville",
                    "email": "pear@laurent-laville.org",
                    "homepage": "https://github.com/llaville",
                    "role": "Lead"
                }
            ],
            "description": "Adds the ability to reverse-engineer classes, interfaces, functions, constants, namespaces, traits and more.",
            "homepage": "http://php5.laurent-laville.org/reflect/",
            "time": "2015-01-15 10:44:09"
        },
        {
            "name": "doctrine/collections",
            "version": "v1.2",
            "source": {
                "type": "git",
                "url": "https://github.com/doctrine/collections.git",
                "reference": "b99c5c46c87126201899afe88ec490a25eedd6a2"
            },
            "dist": {
                "type": "zip",
                "url": "https://api.github.com/repos/doctrine/collections/zipball/b99c5c46c87126201899afe88ec490a25eedd6a2",
                "reference": "b99c5c46c87126201899afe88ec490a25eedd6a2",
                "shasum": ""
            },
            "require": {
                "php": ">=5.3.2"
            },
            "type": "library",
            "extra": {
                "branch-alias": {
                    "dev-master": "1.2.x-dev"
                }
            },
            "autoload": {
                "psr-0": {
                    "Doctrine\\Common\\Collections\\": "lib/"
                }
            },
            "notification-url": "https://packagist.org/downloads/",
            "license": [
                "MIT"
            ],
            "authors": [
                {
                    "name": "Jonathan Wage",
                    "email": "jonwage@gmail.com",
                    "homepage": "http://www.jwage.com/",
                    "role": "Creator"
                },
                {
                    "name": "Guilherme Blanco",
                    "email": "guilhermeblanco@gmail.com",
                    "homepage": "http://www.instaclick.com"
                },
                {
                    "name": "Roman Borschel",
                    "email": "roman@code-factory.org"
                },
                {
                    "name": "Benjamin Eberlei",
                    "email": "kontakt@beberlei.de"
                },
                {
                    "name": "Johannes Schmitt",
                    "email": "schmittjoh@gmail.com",
                    "homepage": "https://github.com/schmittjoh",
                    "role": "Developer of wrapped JMSSerializerBundle"
                }
            ],
            "description": "Collections Abstraction library",
            "homepage": "http://www.doctrine-project.org",
            "keywords": [
                "array",
                "collections",
                "iterator"
            ],
            "time": "2014-02-03 23:07:43"
        },
        {
            "name": "justinrainbow/json-schema",
            "version": "1.3.7",
            "source": {
                "type": "git",
                "url": "https://github.com/justinrainbow/json-schema.git",
                "reference": "87b54b460febed69726c781ab67462084e97a105"
            },
            "dist": {
                "type": "zip",
                "url": "https://api.github.com/repos/justinrainbow/json-schema/zipball/87b54b460febed69726c781ab67462084e97a105",
                "reference": "87b54b460febed69726c781ab67462084e97a105",
                "shasum": ""
            },
            "require": {
                "php": ">=5.3.0"
            },
            "require-dev": {
                "json-schema/json-schema-test-suite": "1.1.0",
                "phpdocumentor/phpdocumentor": "~2",
                "phpunit/phpunit": "~3.7"
            },
            "bin": [
                "bin/validate-json"
            ],
            "type": "library",
            "extra": {
                "branch-alias": {
                    "dev-master": "1.4.x-dev"
                }
            },
            "autoload": {
                "psr-0": {
                    "JsonSchema": "src/"
                }
            },
            "notification-url": "https://packagist.org/downloads/",
            "license": [
                "BSD-3-Clause"
            ],
            "authors": [
                {
                    "name": "Bruno Prieto Reis",
                    "email": "bruno.p.reis@gmail.com"
                },
                {
                    "name": "Justin Rainbow",
                    "email": "justin.rainbow@gmail.com"
                },
                {
                    "name": "Igor Wiedler",
                    "email": "igor@wiedler.ch"
                },
                {
                    "name": "Robert Schönthal",
                    "email": "seroscho@googlemail.com"
                }
            ],
            "description": "A library to validate a json schema.",
            "homepage": "https://github.com/justinrainbow/json-schema",
            "keywords": [
                "json",
                "schema"
            ],
            "time": "2014-08-25 02:48:14"
        },
        {
            "name": "nikic/php-parser",
            "version": "v1.0.2",
            "source": {
                "type": "git",
                "url": "https://github.com/nikic/PHP-Parser.git",
                "reference": "a8ffc6fcfcbae268656c8acf1298e378ac1ee5f1"
            },
            "dist": {
                "type": "zip",
                "url": "https://api.github.com/repos/nikic/PHP-Parser/zipball/a8ffc6fcfcbae268656c8acf1298e378ac1ee5f1",
                "reference": "a8ffc6fcfcbae268656c8acf1298e378ac1ee5f1",
                "shasum": ""
            },
            "require": {
                "ext-tokenizer": "*",
                "php": ">=5.3"
            },
            "type": "library",
            "extra": {
                "branch-alias": {
                    "dev-master": "1.0-dev"
                }
            },
            "autoload": {
                "files": [
                    "lib/bootstrap.php"
                ]
            },
            "notification-url": "https://packagist.org/downloads/",
            "license": [
                "BSD-3-Clause"
            ],
            "authors": [
                {
                    "name": "Nikita Popov"
                }
            ],
            "description": "A PHP parser written in PHP",
            "keywords": [
                "parser",
                "php"
            ],
            "time": "2014-11-04 22:12:46"
        },
        {
            "name": "phpdocumentor/reflection-docblock",
            "version": "2.0.3",
            "source": {
                "type": "git",
                "url": "https://github.com/phpDocumentor/ReflectionDocBlock.git",
                "reference": "38743b677965c48a637097b2746a281264ae2347"
            },
            "dist": {
                "type": "zip",
                "url": "https://api.github.com/repos/phpDocumentor/ReflectionDocBlock/zipball/38743b677965c48a637097b2746a281264ae2347",
                "reference": "38743b677965c48a637097b2746a281264ae2347",
                "shasum": ""
            },
            "require": {
                "php": ">=5.3.3"
            },
            "require-dev": {
                "phpunit/phpunit": "3.7.*@stable"
            },
            "suggest": {
                "dflydev/markdown": "1.0.*",
                "erusev/parsedown": "~0.7"
            },
            "type": "library",
            "extra": {
                "branch-alias": {
                    "dev-master": "2.0.x-dev"
                }
            },
            "autoload": {
                "psr-0": {
                    "phpDocumentor": [
                        "src/"
                    ]
                }
            },
            "notification-url": "https://packagist.org/downloads/",
            "license": [
                "MIT"
            ],
            "authors": [
                {
                    "name": "Mike van Riel",
                    "email": "mike.vanriel@naenius.com"
                }
            ],
            "time": "2014-08-09 10:27:07"
        },
        {
            "name": "sebastian/version",
            "version": "1.0.4",
            "source": {
                "type": "git",
                "url": "https://github.com/sebastianbergmann/version.git",
                "reference": "a77d9123f8e809db3fbdea15038c27a95da4058b"
            },
            "dist": {
                "type": "zip",
                "url": "https://api.github.com/repos/sebastianbergmann/version/zipball/a77d9123f8e809db3fbdea15038c27a95da4058b",
                "reference": "a77d9123f8e809db3fbdea15038c27a95da4058b",
                "shasum": ""
            },
            "type": "library",
            "autoload": {
                "classmap": [
                    "src/"
                ]
            },
            "notification-url": "https://packagist.org/downloads/",
            "license": [
                "BSD-3-Clause"
            ],
            "authors": [
                {
                    "name": "Sebastian Bergmann",
                    "email": "sebastian@phpunit.de",
                    "role": "lead"
                }
            ],
            "description": "Library that helps with managing the version number of Git-hosted PHP projects",
            "homepage": "https://github.com/sebastianbergmann/version",
            "time": "2014-12-15 14:25:24"
        },
        {
            "name": "seld/jsonlint",
            "version": "1.3.1",
            "source": {
                "type": "git",
                "url": "https://github.com/Seldaek/jsonlint.git",
                "reference": "863ae85c6d3ef60ca49cb12bd051c4a0648c40c4"
            },
            "dist": {
                "type": "zip",
                "url": "https://api.github.com/repos/Seldaek/jsonlint/zipball/863ae85c6d3ef60ca49cb12bd051c4a0648c40c4",
                "reference": "863ae85c6d3ef60ca49cb12bd051c4a0648c40c4",
                "shasum": ""
            },
            "require": {
                "php": ">=5.3.0"
            },
            "bin": [
                "bin/jsonlint"
            ],
            "type": "library",
            "autoload": {
                "psr-4": {
                    "Seld\\JsonLint\\": "src/Seld/JsonLint/"
                }
            },
            "notification-url": "https://packagist.org/downloads/",
            "license": [
                "MIT"
            ],
            "authors": [
                {
                    "name": "Jordi Boggiano",
                    "email": "j.boggiano@seld.be",
                    "homepage": "http://seld.be"
                }
            ],
            "description": "JSON Linter",
            "keywords": [
                "json",
                "linter",
                "parser",
                "validator"
            ],
            "time": "2015-01-04 21:18:15"
        },
        {
            "name": "symfony/console",
            "version": "v2.6.3",
            "target-dir": "Symfony/Component/Console",
            "source": {
                "type": "git",
                "url": "https://github.com/symfony/Console.git",
                "reference": "6ac6491ff60c0e5a941db3ccdc75a07adbb61476"
            },
            "dist": {
                "type": "zip",
                "url": "https://api.github.com/repos/symfony/Console/zipball/6ac6491ff60c0e5a941db3ccdc75a07adbb61476",
                "reference": "6ac6491ff60c0e5a941db3ccdc75a07adbb61476",
                "shasum": ""
            },
            "require": {
                "php": ">=5.3.3"
            },
            "require-dev": {
                "psr/log": "~1.0",
                "symfony/event-dispatcher": "~2.1",
                "symfony/process": "~2.1"
            },
            "suggest": {
                "psr/log": "For using the console logger",
                "symfony/event-dispatcher": "",
                "symfony/process": ""
            },
            "type": "library",
            "extra": {
                "branch-alias": {
                    "dev-master": "2.6-dev"
                }
            },
            "autoload": {
                "psr-0": {
                    "Symfony\\Component\\Console\\": ""
                }
            },
            "notification-url": "https://packagist.org/downloads/",
            "license": [
                "MIT"
            ],
            "authors": [
                {
                    "name": "Symfony Community",
                    "homepage": "http://symfony.com/contributors"
                },
                {
                    "name": "Fabien Potencier",
                    "email": "fabien@symfony.com"
                }
            ],
            "description": "Symfony Console Component",
            "homepage": "http://symfony.com",
            "time": "2015-01-06 17:50:02"
        },
        {
            "name": "symfony/dependency-injection",
            "version": "v2.6.3",
            "target-dir": "Symfony/Component/DependencyInjection",
            "source": {
                "type": "git",
                "url": "https://github.com/symfony/DependencyInjection.git",
                "reference": "72db9adf2f6c42e773108038bcdaff263f325b4e"
            },
            "dist": {
                "type": "zip",
                "url": "https://api.github.com/repos/symfony/DependencyInjection/zipball/72db9adf2f6c42e773108038bcdaff263f325b4e",
                "reference": "72db9adf2f6c42e773108038bcdaff263f325b4e",
                "shasum": ""
            },
            "require": {
                "php": ">=5.3.3"
            },
            "conflict": {
                "symfony/expression-language": "<2.6"
            },
            "require-dev": {
                "symfony/config": "~2.2",
                "symfony/expression-language": "~2.6",
                "symfony/yaml": "~2.1"
            },
            "suggest": {
                "symfony/config": "",
                "symfony/proxy-manager-bridge": "Generate service proxies to lazy load them",
                "symfony/yaml": ""
            },
            "type": "library",
            "extra": {
                "branch-alias": {
                    "dev-master": "2.6-dev"
                }
            },
            "autoload": {
                "psr-0": {
                    "Symfony\\Component\\DependencyInjection\\": ""
                }
            },
            "notification-url": "https://packagist.org/downloads/",
            "license": [
                "MIT"
            ],
            "authors": [
                {
                    "name": "Symfony Community",
                    "homepage": "http://symfony.com/contributors"
                },
                {
                    "name": "Fabien Potencier",
                    "email": "fabien@symfony.com"
                }
            ],
            "description": "Symfony DependencyInjection Component",
            "homepage": "http://symfony.com",
            "time": "2015-01-05 17:41:06"
        },
        {
            "name": "symfony/event-dispatcher",
            "version": "v2.6.3",
            "target-dir": "Symfony/Component/EventDispatcher",
            "source": {
                "type": "git",
                "url": "https://github.com/symfony/EventDispatcher.git",
                "reference": "40ff70cadea3785d83cac1c8309514b36113064e"
            },
            "dist": {
                "type": "zip",
                "url": "https://api.github.com/repos/symfony/EventDispatcher/zipball/40ff70cadea3785d83cac1c8309514b36113064e",
                "reference": "40ff70cadea3785d83cac1c8309514b36113064e",
                "shasum": ""
            },
            "require": {
                "php": ">=5.3.3"
            },
            "require-dev": {
                "psr/log": "~1.0",
                "symfony/config": "~2.0,>=2.0.5",
                "symfony/dependency-injection": "~2.6",
                "symfony/expression-language": "~2.6",
                "symfony/stopwatch": "~2.3"
            },
            "suggest": {
                "symfony/dependency-injection": "",
                "symfony/http-kernel": ""
            },
            "type": "library",
            "extra": {
                "branch-alias": {
                    "dev-master": "2.6-dev"
                }
            },
            "autoload": {
                "psr-0": {
                    "Symfony\\Component\\EventDispatcher\\": ""
                }
            },
            "notification-url": "https://packagist.org/downloads/",
            "license": [
                "MIT"
            ],
            "authors": [
                {
                    "name": "Symfony Community",
                    "homepage": "http://symfony.com/contributors"
                },
                {
                    "name": "Fabien Potencier",
                    "email": "fabien@symfony.com"
                }
            ],
            "description": "Symfony EventDispatcher Component",
            "homepage": "http://symfony.com",
            "time": "2015-01-05 14:28:40"
        },
        {
            "name": "symfony/finder",
            "version": "v2.6.3",
            "target-dir": "Symfony/Component/Finder",
            "source": {
                "type": "git",
                "url": "https://github.com/symfony/Finder.git",
                "reference": "16513333bca64186c01609961a2bb1b95b5e1355"
            },
            "dist": {
                "type": "zip",
                "url": "https://api.github.com/repos/symfony/Finder/zipball/16513333bca64186c01609961a2bb1b95b5e1355",
                "reference": "16513333bca64186c01609961a2bb1b95b5e1355",
                "shasum": ""
            },
            "require": {
                "php": ">=5.3.3"
            },
            "type": "library",
            "extra": {
                "branch-alias": {
                    "dev-master": "2.6-dev"
                }
            },
            "autoload": {
                "psr-0": {
                    "Symfony\\Component\\Finder\\": ""
                }
            },
            "notification-url": "https://packagist.org/downloads/",
            "license": [
                "MIT"
            ],
            "authors": [
                {
                    "name": "Symfony Community",
                    "homepage": "http://symfony.com/contributors"
                },
                {
                    "name": "Fabien Potencier",
                    "email": "fabien@symfony.com"
                }
            ],
            "description": "Symfony Finder Component",
            "homepage": "http://symfony.com",
            "time": "2015-01-03 08:01:59"
        },
        {
            "name": "symfony/stopwatch",
            "version": "v2.6.3",
            "target-dir": "Symfony/Component/Stopwatch",
            "source": {
                "type": "git",
                "url": "https://github.com/symfony/Stopwatch.git",
                "reference": "e8da5286132ba75ce4b4275fbf0f4cd369bfd71c"
            },
            "dist": {
                "type": "zip",
                "url": "https://api.github.com/repos/symfony/Stopwatch/zipball/e8da5286132ba75ce4b4275fbf0f4cd369bfd71c",
                "reference": "e8da5286132ba75ce4b4275fbf0f4cd369bfd71c",
                "shasum": ""
            },
            "require": {
                "php": ">=5.3.3"
            },
            "type": "library",
            "extra": {
                "branch-alias": {
                    "dev-master": "2.6-dev"
                }
            },
            "autoload": {
                "psr-0": {
                    "Symfony\\Component\\Stopwatch\\": ""
                }
            },
            "notification-url": "https://packagist.org/downloads/",
            "license": [
                "MIT"
            ],
            "authors": [
                {
                    "name": "Symfony Community",
                    "homepage": "http://symfony.com/contributors"
                },
                {
                    "name": "Fabien Potencier",
                    "email": "fabien@symfony.com"
                }
            ],
            "description": "Symfony Stopwatch Component",
            "homepage": "http://symfony.com",
            "time": "2015-01-03 08:01:59"
        }
    ],
    "packages-dev": [
        {
            "name": "bartlett/phpunit-loggertestlistener",
            "version": "1.1.0",
            "source": {
                "type": "git",
                "url": "https://github.com/llaville/phpunit-LoggerTestListener.git",
                "reference": "1c16b2741b1b29dcbdf79d44a83575f628ab0605"
            },
            "dist": {
                "type": "zip",
                "url": "https://api.github.com/repos/llaville/phpunit-LoggerTestListener/zipball/1c16b2741b1b29dcbdf79d44a83575f628ab0605",
                "reference": "1c16b2741b1b29dcbdf79d44a83575f628ab0605",
                "shasum": ""
            },
            "require": {
                "php": ">=5.3.0",
                "psr/log": "~1.0"
            },
            "suggest": {
                "monolog/monolog": "For advanced logging strategies"
            },
            "type": "library",
            "autoload": {
                "psr-0": {
                    "Bartlett\\": "src/"
                }
            },
            "notification-url": "https://packagist.org/downloads/",
            "license": [
                "BSD-3-Clause"
            ],
            "authors": [
                {
                    "name": "Laurent Laville",
                    "email": "pear@laurent-laville.org",
                    "homepage": "https://github.com/llaville",
                    "role": "Lead"
                }
            ],
            "description": "PHPUnit Test Suite listener for compatible PSR-3 logger",
            "homepage": "https://github.com/llaville/phpunit-LoggerTestListener",
            "time": "2014-09-17 09:12:57"
        },
        {
            "name": "doctrine/cache",
            "version": "v1.3.1",
            "source": {
                "type": "git",
                "url": "https://github.com/doctrine/cache.git",
                "reference": "cf483685798a72c93bf4206e3dd6358ea07d64e7"
            },
            "dist": {
                "type": "zip",
                "url": "https://api.github.com/repos/doctrine/cache/zipball/cf483685798a72c93bf4206e3dd6358ea07d64e7",
                "reference": "cf483685798a72c93bf4206e3dd6358ea07d64e7",
                "shasum": ""
            },
            "require": {
                "php": ">=5.3.2"
            },
            "conflict": {
                "doctrine/common": ">2.2,<2.4"
            },
            "require-dev": {
                "phpunit/phpunit": ">=3.7",
                "satooshi/php-coveralls": "~0.6"
            },
            "type": "library",
            "extra": {
                "branch-alias": {
                    "dev-master": "1.4.x-dev"
                }
            },
            "autoload": {
                "psr-0": {
                    "Doctrine\\Common\\Cache\\": "lib/"
                }
            },
            "notification-url": "https://packagist.org/downloads/",
            "license": [
                "MIT"
            ],
            "authors": [
                {
                    "name": "Roman Borschel",
                    "email": "roman@code-factory.org"
                },
                {
                    "name": "Benjamin Eberlei",
                    "email": "kontakt@beberlei.de"
                },
                {
                    "name": "Guilherme Blanco",
                    "email": "guilhermeblanco@gmail.com"
                },
                {
                    "name": "Jonathan Wage",
                    "email": "jonwage@gmail.com"
                },
                {
                    "name": "Johannes Schmitt",
                    "email": "schmittjoh@gmail.com"
                }
            ],
            "description": "Caching library offering an object-oriented API for many cache backends",
            "homepage": "http://www.doctrine-project.org",
            "keywords": [
                "cache",
                "caching"
            ],
            "time": "2014-09-17 14:24:04"
        },
        {
            "name": "monolog/monolog",
            "version": "1.12.0",
            "source": {
                "type": "git",
                "url": "https://github.com/Seldaek/monolog.git",
                "reference": "1fbe8c2641f2b163addf49cc5e18f144bec6b19f"
            },
            "dist": {
                "type": "zip",
                "url": "https://api.github.com/repos/Seldaek/monolog/zipball/1fbe8c2641f2b163addf49cc5e18f144bec6b19f",
                "reference": "1fbe8c2641f2b163addf49cc5e18f144bec6b19f",
                "shasum": ""
            },
            "require": {
                "php": ">=5.3.0",
                "psr/log": "~1.0"
            },
            "provide": {
                "psr/log-implementation": "1.0.0"
            },
            "require-dev": {
                "aws/aws-sdk-php": "~2.4, >2.4.8",
                "doctrine/couchdb": "~1.0@dev",
                "graylog2/gelf-php": "~1.0",
                "phpunit/phpunit": "~4.0",
                "raven/raven": "~0.5",
                "ruflin/elastica": "0.90.*",
                "videlalvaro/php-amqplib": "~2.4"
            },
            "suggest": {
                "aws/aws-sdk-php": "Allow sending log messages to AWS services like DynamoDB",
                "doctrine/couchdb": "Allow sending log messages to a CouchDB server",
                "ext-amqp": "Allow sending log messages to an AMQP server (1.0+ required)",
                "ext-mongo": "Allow sending log messages to a MongoDB server",
                "graylog2/gelf-php": "Allow sending log messages to a GrayLog2 server",
                "raven/raven": "Allow sending log messages to a Sentry server",
                "rollbar/rollbar": "Allow sending log messages to Rollbar",
                "ruflin/elastica": "Allow sending log messages to an Elastic Search server",
                "videlalvaro/php-amqplib": "Allow sending log messages to an AMQP server using php-amqplib"
            },
            "type": "library",
            "extra": {
                "branch-alias": {
                    "dev-master": "1.12.x-dev"
                }
            },
            "autoload": {
                "psr-4": {
                    "Monolog\\": "src/Monolog"
                }
            },
            "notification-url": "https://packagist.org/downloads/",
            "license": [
                "MIT"
            ],
            "authors": [
                {
                    "name": "Jordi Boggiano",
                    "email": "j.boggiano@seld.be",
                    "homepage": "http://seld.be"
                }
            ],
            "description": "Sends your logs to files, sockets, inboxes, databases and various web services",
            "homepage": "http://github.com/Seldaek/monolog",
            "keywords": [
                "log",
                "logging",
                "psr-3"
            ],
            "time": "2014-12-29 21:29:35"
        },
        {
            "name": "psr/log",
            "version": "1.0.0",
            "source": {
                "type": "git",
                "url": "https://github.com/php-fig/log.git",
                "reference": "fe0936ee26643249e916849d48e3a51d5f5e278b"
            },
            "dist": {
                "type": "zip",
                "url": "https://api.github.com/repos/php-fig/log/zipball/fe0936ee26643249e916849d48e3a51d5f5e278b",
                "reference": "fe0936ee26643249e916849d48e3a51d5f5e278b",
                "shasum": ""
            },
            "type": "library",
            "autoload": {
                "psr-0": {
                    "Psr\\Log\\": ""
                }
            },
            "notification-url": "https://packagist.org/downloads/",
            "license": [
                "MIT"
            ],
            "authors": [
                {
                    "name": "PHP-FIG",
                    "homepage": "http://www.php-fig.org/"
                }
            ],
            "description": "Common interface for logging libraries",
            "keywords": [
                "log",
                "psr",
                "psr-3"
            ],
            "time": "2012-12-21 11:40:51"
        }
    ],
    "aliases": [],
    "minimum-stability": "stable",
    "stability-flags": {
        "bartlett/php-reflect": 20
    },
    "prefer-stable": false,
    "prefer-lowest": false,
    "platform": {
        "php": ">=5.3.0",
        "ext-libxml": "*",
        "ext-pcre": "*",
        "ext-spl": "*",
        "ext-json": "*"
    },
    "platform-dev": []
}
