{
    "_readme": [
        "This file locks the dependencies of your project to a known state",
        "Read more about it at https://getcomposer.org/doc/01-basic-usage.md#composer-lock-the-lock-file",
        "This file is @generated automatically"
    ],
    "hash": "96e3d6157ae2d7d70ca92c7457f640bb",
    "content-hash": "1b6e71cf528f0cf31be14de747fff4d3",
    "packages": [
        {
            "name": "bartlett/php-compatinfo-db",
            "version": "dev-master",
            "source": {
                "type": "git",
                "url": "https://github.com/llaville/php-compatinfo-db.git",
                "reference": "dbc8b070fdab332838c36bb8da18ccd846ecb61b"
            },
            "dist": {
                "type": "zip",
                "url": "https://api.github.com/repos/llaville/php-compatinfo-db/zipball/dbc8b070fdab332838c36bb8da18ccd846ecb61b",
                "reference": "dbc8b070fdab332838c36bb8da18ccd846ecb61b",
                "shasum": ""
            },
            "require": {
                "ext-curl": "*",
                "ext-intl": "*",
                "ext-json": "*",
                "ext-libxml": "*",
                "ext-openssl": "*",
                "ext-pcre": "*",
                "ext-pdo_sqlite": "*",
                "ext-spl": "*",
                "php": ">=5.4.0"
            },
            "require-dev": {
                "bartlett/phpunit-loggertestlistener": "~1.5",
                "monolog/monolog": "~1.10",
                "psr/log": "~1.0",
                "symfony/console": "~2.5"
            },
            "suggest": {
                "bartlett/phpunit-loggertestlistener": "Allow logging unit tests to your favorite PSR-3 logger interface",
                "monolog/monolog": "Allow logging events with the LogPlugin",
                "psr/log": "Allow logging events with the LogPlugin",
                "symfony/console": "Allow to rebuild the Reference CompatInfo Database"
            },
            "type": "library",
            "autoload": {
                "psr-4": {
                    "Bartlett\\CompatInfoDb\\": "src/Bartlett/CompatInfoDb"
                }
            },
            "notification-url": "https://packagist.org/downloads/",
            "license": [
                "BSD-3-Clause"
            ],
            "authors": [
                {
                    "name": "Laurent Laville",
                    "email": "pear@laurent-laville.org",
                    "homepage": "https://github.com/llaville",
                    "role": "Lead"
                },
                {
                    "name": "Remi Collet",
                    "homepage": "https://github.com/remicollet",
                    "role": "Contributor"
                }
            ],
            "description": "Reference Database to be used with php-compatinfo library",
            "homepage": "http://php5.laurent-laville.org/compatinfo/",
            "keywords": [
                "Reference",
                "compatibility",
                "database"
            ],
            "time": "2015-10-13 17:56:55"
        },
        {
            "name": "bartlett/php-reflect",
            "version": "4.0.x-dev",
            "source": {
                "type": "git",
                "url": "https://github.com/llaville/php-reflect.git",
                "reference": "4c0a45c136570c537028e9a7a47718d7bea60a42"
            },
            "dist": {
                "type": "zip",
                "url": "https://api.github.com/repos/llaville/php-reflect/zipball/4c0a45c136570c537028e9a7a47718d7bea60a42",
                "reference": "4c0a45c136570c537028e9a7a47718d7bea60a42",
                "shasum": ""
            },
            "require": {
                "doctrine/collections": "~1.2",
                "ext-date": "*",
                "ext-json": "*",
                "ext-pcre": "*",
                "ext-phar": "*",
                "ext-reflection": "*",
                "ext-spl": "*",
                "ext-tokenizer": "*",
                "justinrainbow/json-schema": "~1.3",
                "nikic/php-parser": "~1.4",
                "php": ">=5.4.0",
                "phpdocumentor/reflection-docblock": "~2.0",
                "sebastian/version": "~1.0",
                "seld/jsonlint": "~1.1",
                "symfony/console": "~2.5",
                "symfony/dependency-injection": "~2.5",
                "symfony/event-dispatcher": "~2.5",
                "symfony/finder": "~2.5",
                "symfony/stopwatch": "~2.5"
            },
            "require-dev": {
                "bartlett/monolog-callbackfilterhandler": "~1.0",
                "bartlett/monolog-growlhandler": "~1.0",
                "bartlett/phpunit-loggertestlistener": "~1.5",
                "bartlett/umlwriter": "~1.0",
                "doctrine/cache": "~1.3",
                "monolog/monolog": "~1.10",
                "psr/log": "~1.0"
            },
            "suggest": {
                "bartlett/monolog-callbackfilterhandler": "Advanced filtering strategies for Monolog",
                "bartlett/monolog-growlhandler": "Sends notifications to Growl for Monolog",
                "bartlett/phpunit-loggertestlistener": "Allow logging unit tests to your favorite PSR-3 logger interface",
                "bartlett/umlwriter": "Allow writing UML class diagrams (Graphviz or PlantUML)",
                "doctrine/cache": "Allow caching results",
                "monolog/monolog": "Allow logging events with the LogPlugin",
                "psr/log": "Allow logging events with the LogPlugin"
            },
            "bin": [
                "bin/phpreflect"
            ],
            "type": "library",
            "autoload": {
                "psr-4": {
                    "Bartlett\\": "src/Bartlett"
                }
            },
            "notification-url": "https://packagist.org/downloads/",
            "license": [
                "BSD-3-Clause"
            ],
            "authors": [
                {
                    "name": "Laurent Laville",
                    "email": "pear@laurent-laville.org",
                    "homepage": "https://github.com/llaville",
                    "role": "Lead"
                }
            ],
            "description": "Adds the ability to reverse-engineer classes, interfaces, functions, constants, namespaces, traits and more.",
            "homepage": "http://php5.laurent-laville.org/reflect/",
            "keywords": [
                "reflection",
                "reverse-engineer"
            ],
            "time": "2015-09-27 18:54:33"
        },
        {
            "name": "doctrine/collections",
            "version": "dev-master",
            "source": {
                "type": "git",
                "url": "https://github.com/doctrine/collections.git",
                "reference": "866e100a425b8b73d15393fd081c6bf067f05bf9"
            },
            "dist": {
                "type": "zip",
                "url": "https://api.github.com/repos/doctrine/collections/zipball/866e100a425b8b73d15393fd081c6bf067f05bf9",
                "reference": "866e100a425b8b73d15393fd081c6bf067f05bf9",
                "shasum": ""
            },
            "require": {
                "php": ">=5.3.2"
            },
            "require-dev": {
                "phpunit/phpunit": "~4.0"
            },
            "type": "library",
            "extra": {
                "branch-alias": {
                    "dev-master": "1.3.x-dev"
                }
            },
            "autoload": {
                "psr-0": {
                    "Doctrine\\Common\\Collections\\": "lib/"
                }
            },
            "notification-url": "https://packagist.org/downloads/",
            "license": [
                "MIT"
            ],
            "authors": [
                {
                    "name": "Roman Borschel",
                    "email": "roman@code-factory.org"
                },
                {
                    "name": "Benjamin Eberlei",
                    "email": "kontakt@beberlei.de"
                },
                {
                    "name": "Guilherme Blanco",
                    "email": "guilhermeblanco@gmail.com"
                },
                {
                    "name": "Jonathan Wage",
                    "email": "jonwage@gmail.com"
                },
                {
                    "name": "Johannes Schmitt",
                    "email": "schmittjoh@gmail.com"
                }
            ],
            "description": "Collections Abstraction library",
            "homepage": "http://www.doctrine-project.org",
            "keywords": [
                "array",
                "collections",
                "iterator"
            ],
            "time": "2015-09-11 15:24:21"
        },
        {
            "name": "justinrainbow/json-schema",
            "version": "1.5.0",
            "source": {
                "type": "git",
                "url": "https://github.com/justinrainbow/json-schema.git",
                "reference": "a4bee9f4b344b66e0a0d96c7afae1e92edf385fe"
            },
            "dist": {
                "type": "zip",
                "url": "https://api.github.com/repos/justinrainbow/json-schema/zipball/a4bee9f4b344b66e0a0d96c7afae1e92edf385fe",
                "reference": "a4bee9f4b344b66e0a0d96c7afae1e92edf385fe",
                "shasum": ""
            },
            "require": {
                "php": ">=5.3.2"
            },
            "require-dev": {
                "json-schema/json-schema-test-suite": "1.1.0",
                "phpdocumentor/phpdocumentor": "~2",
                "phpunit/phpunit": "~3.7"
            },
            "bin": [
                "bin/validate-json"
            ],
            "type": "library",
            "extra": {
                "branch-alias": {
                    "dev-master": "1.4.x-dev"
                }
            },
            "autoload": {
                "psr-4": {
                    "JsonSchema\\": "src/JsonSchema/"
                }
            },
            "notification-url": "https://packagist.org/downloads/",
            "license": [
                "BSD-3-Clause"
            ],
            "authors": [
                {
                    "name": "Bruno Prieto Reis",
                    "email": "bruno.p.reis@gmail.com"
                },
                {
                    "name": "Justin Rainbow",
                    "email": "justin.rainbow@gmail.com"
                },
                {
                    "name": "Igor Wiedler",
                    "email": "igor@wiedler.ch"
                },
                {
                    "name": "Robert Schönthal",
                    "email": "seroscho@googlemail.com"
                }
            ],
            "description": "A library to validate a json schema.",
            "homepage": "https://github.com/justinrainbow/json-schema",
            "keywords": [
                "json",
                "schema"
            ],
            "time": "2015-09-08 22:28:04"
        },
        {
            "name": "nikic/php-parser",
            "version": "1.x-dev",
            "source": {
                "type": "git",
                "url": "https://github.com/nikic/PHP-Parser.git",
                "reference": "f78af2c9c86107aa1a34cd1dbb5bbe9eeb0d9f51"
            },
            "dist": {
                "type": "zip",
                "url": "https://api.github.com/repos/nikic/PHP-Parser/zipball/f78af2c9c86107aa1a34cd1dbb5bbe9eeb0d9f51",
                "reference": "f78af2c9c86107aa1a34cd1dbb5bbe9eeb0d9f51",
                "shasum": ""
            },
            "require": {
                "ext-tokenizer": "*",
                "php": ">=5.3"
            },
            "type": "library",
            "extra": {
                "branch-alias": {
                    "dev-master": "1.4-dev"
                }
            },
            "autoload": {
                "files": [
                    "lib/bootstrap.php"
                ]
            },
            "notification-url": "https://packagist.org/downloads/",
            "license": [
                "BSD-3-Clause"
            ],
            "authors": [
                {
                    "name": "Nikita Popov"
                }
            ],
            "description": "A PHP parser written in PHP",
            "keywords": [
                "parser",
                "php"
            ],
            "time": "2015-09-19 14:15:08"
        },
        {
            "name": "phpdocumentor/reflection-docblock",
            "version": "2.0.4",
            "source": {
                "type": "git",
                "url": "https://github.com/phpDocumentor/ReflectionDocBlock.git",
                "reference": "d68dbdc53dc358a816f00b300704702b2eaff7b8"
            },
            "dist": {
                "type": "zip",
                "url": "https://api.github.com/repos/phpDocumentor/ReflectionDocBlock/zipball/d68dbdc53dc358a816f00b300704702b2eaff7b8",
                "reference": "d68dbdc53dc358a816f00b300704702b2eaff7b8",
                "shasum": ""
            },
            "require": {
                "php": ">=5.3.3"
            },
            "require-dev": {
                "phpunit/phpunit": "~4.0"
            },
            "suggest": {
                "dflydev/markdown": "~1.0",
                "erusev/parsedown": "~1.0"
            },
            "type": "library",
            "extra": {
                "branch-alias": {
                    "dev-master": "2.0.x-dev"
                }
            },
            "autoload": {
                "psr-0": {
                    "phpDocumentor": [
                        "src/"
                    ]
                }
            },
            "notification-url": "https://packagist.org/downloads/",
            "license": [
                "MIT"
            ],
            "authors": [
                {
                    "name": "Mike van Riel",
                    "email": "mike.vanriel@naenius.com"
                }
            ],
            "time": "2015-02-03 12:10:50"
        },
        {
            "name": "sebastian/version",
            "version": "1.0.6",
            "source": {
                "type": "git",
                "url": "https://github.com/sebastianbergmann/version.git",
                "reference": "58b3a85e7999757d6ad81c787a1fbf5ff6c628c6"
            },
            "dist": {
                "type": "zip",
                "url": "https://api.github.com/repos/sebastianbergmann/version/zipball/58b3a85e7999757d6ad81c787a1fbf5ff6c628c6",
                "reference": "58b3a85e7999757d6ad81c787a1fbf5ff6c628c6",
                "shasum": ""
            },
            "type": "library",
            "autoload": {
                "classmap": [
                    "src/"
                ]
            },
            "notification-url": "https://packagist.org/downloads/",
            "license": [
                "BSD-3-Clause"
            ],
            "authors": [
                {
                    "name": "Sebastian Bergmann",
                    "email": "sebastian@phpunit.de",
                    "role": "lead"
                }
            ],
            "description": "Library that helps with managing the version number of Git-hosted PHP projects",
            "homepage": "https://github.com/sebastianbergmann/version",
            "time": "2015-06-21 13:59:46"
        },
        {
            "name": "seld/jsonlint",
            "version": "1.3.1",
            "source": {
                "type": "git",
                "url": "https://github.com/Seldaek/jsonlint.git",
                "reference": "863ae85c6d3ef60ca49cb12bd051c4a0648c40c4"
            },
            "dist": {
                "type": "zip",
                "url": "https://api.github.com/repos/Seldaek/jsonlint/zipball/863ae85c6d3ef60ca49cb12bd051c4a0648c40c4",
                "reference": "863ae85c6d3ef60ca49cb12bd051c4a0648c40c4",
                "shasum": ""
            },
            "require": {
                "php": ">=5.3.0"
            },
            "bin": [
                "bin/jsonlint"
            ],
            "type": "library",
            "autoload": {
                "psr-4": {
                    "Seld\\JsonLint\\": "src/Seld/JsonLint/"
                }
            },
            "notification-url": "https://packagist.org/downloads/",
            "license": [
                "MIT"
            ],
            "authors": [
                {
                    "name": "Jordi Boggiano",
                    "email": "j.boggiano@seld.be",
                    "homepage": "http://seld.be"
                }
            ],
            "description": "JSON Linter",
            "keywords": [
                "json",
                "linter",
                "parser",
                "validator"
            ],
            "time": "2015-01-04 21:18:15"
        },
        {
            "name": "symfony/console",
            "version": "2.8.x-dev",
            "source": {
                "type": "git",
                "url": "https://github.com/symfony/console.git",
                "reference": "89a795226477f66745e8ea10415e769304114920"
            },
            "dist": {
                "type": "zip",
                "url": "https://api.github.com/repos/symfony/console/zipball/89a795226477f66745e8ea10415e769304114920",
                "reference": "89a795226477f66745e8ea10415e769304114920",
                "shasum": ""
            },
            "require": {
                "php": ">=5.3.9"
            },
            "require-dev": {
                "psr/log": "~1.0",
                "symfony/event-dispatcher": "~2.1|~3.0.0",
                "symfony/process": "~2.1|~3.0.0"
            },
            "suggest": {
                "psr/log": "For using the console logger",
                "symfony/event-dispatcher": "",
                "symfony/process": ""
            },
            "type": "library",
            "extra": {
                "branch-alias": {
                    "dev-master": "2.8-dev"
                }
            },
            "autoload": {
                "psr-4": {
                    "Symfony\\Component\\Console\\": ""
                }
            },
            "notification-url": "https://packagist.org/downloads/",
            "license": [
                "MIT"
            ],
            "authors": [
                {
                    "name": "Fabien Potencier",
                    "email": "fabien@symfony.com"
                },
                {
                    "name": "Symfony Community",
                    "homepage": "https://symfony.com/contributors"
                }
            ],
            "description": "Symfony Console Component",
            "homepage": "https://symfony.com",
            "time": "2015-10-12 10:31:17"
        },
        {
            "name": "symfony/dependency-injection",
            "version": "2.8.x-dev",
            "source": {
                "type": "git",
                "url": "https://github.com/symfony/dependency-injection.git",
                "reference": "dc1fb82df24dfd4e13735265d18d027f28a72a3e"
            },
            "dist": {
                "type": "zip",
                "url": "https://api.github.com/repos/symfony/dependency-injection/zipball/dc1fb82df24dfd4e13735265d18d027f28a72a3e",
                "reference": "dc1fb82df24dfd4e13735265d18d027f28a72a3e",
                "shasum": ""
            },
            "require": {
                "php": ">=5.3.9"
            },
            "conflict": {
                "symfony/expression-language": "<2.6"
            },
            "require-dev": {
                "symfony/config": "~2.2|~3.0.0",
                "symfony/expression-language": "~2.6|~3.0.0",
                "symfony/yaml": "~2.1|~3.0.0"
            },
            "suggest": {
                "symfony/config": "",
                "symfony/proxy-manager-bridge": "Generate service proxies to lazy load them",
                "symfony/yaml": ""
            },
            "type": "library",
            "extra": {
                "branch-alias": {
                    "dev-master": "2.8-dev"
                }
            },
            "autoload": {
                "psr-4": {
                    "Symfony\\Component\\DependencyInjection\\": ""
                }
            },
            "notification-url": "https://packagist.org/downloads/",
            "license": [
                "MIT"
            ],
            "authors": [
                {
                    "name": "Fabien Potencier",
                    "email": "fabien@symfony.com"
                },
                {
                    "name": "Symfony Community",
                    "homepage": "https://symfony.com/contributors"
                }
            ],
            "description": "Symfony DependencyInjection Component",
            "homepage": "https://symfony.com",
            "time": "2015-10-11 08:29:26"
        },
        {
            "name": "symfony/event-dispatcher",
            "version": "2.8.x-dev",
            "source": {
                "type": "git",
                "url": "https://github.com/symfony/event-dispatcher.git",
                "reference": "41899a21d196332ab23e40f76e1276f2b7aa4d0d"
            },
            "dist": {
                "type": "zip",
                "url": "https://api.github.com/repos/symfony/event-dispatcher/zipball/41899a21d196332ab23e40f76e1276f2b7aa4d0d",
                "reference": "41899a21d196332ab23e40f76e1276f2b7aa4d0d",
                "shasum": ""
            },
            "require": {
                "php": ">=5.3.9"
            },
            "require-dev": {
                "psr/log": "~1.0",
                "symfony/config": "~2.0,>=2.0.5|~3.0.0",
                "symfony/dependency-injection": "~2.6|~3.0.0",
                "symfony/expression-language": "~2.6|~3.0.0",
                "symfony/stopwatch": "~2.3|~3.0.0"
            },
            "suggest": {
                "symfony/dependency-injection": "",
                "symfony/http-kernel": ""
            },
            "type": "library",
            "extra": {
                "branch-alias": {
                    "dev-master": "2.8-dev"
                }
            },
            "autoload": {
                "psr-4": {
                    "Symfony\\Component\\EventDispatcher\\": ""
                }
            },
            "notification-url": "https://packagist.org/downloads/",
            "license": [
                "MIT"
            ],
            "authors": [
                {
                    "name": "Fabien Potencier",
                    "email": "fabien@symfony.com"
                },
                {
                    "name": "Symfony Community",
                    "homepage": "https://symfony.com/contributors"
                }
            ],
            "description": "Symfony EventDispatcher Component",
            "homepage": "https://symfony.com",
            "time": "2015-10-12 10:13:39"
        },
        {
            "name": "symfony/finder",
            "version": "2.8.x-dev",
            "source": {
                "type": "git",
                "url": "https://github.com/symfony/finder.git",
                "reference": "dcd5aaba34ca332abb7f33ec554ebd4d829cb202"
            },
            "dist": {
                "type": "zip",
                "url": "https://api.github.com/repos/symfony/finder/zipball/dcd5aaba34ca332abb7f33ec554ebd4d829cb202",
                "reference": "dcd5aaba34ca332abb7f33ec554ebd4d829cb202",
                "shasum": ""
            },
            "require": {
                "php": ">=5.3.9"
            },
            "type": "library",
            "extra": {
                "branch-alias": {
                    "dev-master": "2.8-dev"
                }
            },
            "autoload": {
                "psr-4": {
                    "Symfony\\Component\\Finder\\": ""
                }
            },
            "notification-url": "https://packagist.org/downloads/",
            "license": [
                "MIT"
            ],
            "authors": [
                {
                    "name": "Fabien Potencier",
                    "email": "fabien@symfony.com"
                },
                {
                    "name": "Symfony Community",
                    "homepage": "https://symfony.com/contributors"
                }
            ],
            "description": "Symfony Finder Component",
            "homepage": "https://symfony.com",
            "time": "2015-10-11 08:29:26"
        },
        {
            "name": "symfony/stopwatch",
            "version": "2.8.x-dev",
            "source": {
                "type": "git",
                "url": "https://github.com/symfony/stopwatch.git",
                "reference": "497c0d9fd2a30d119f4c03740eb87d6436cc9531"
            },
            "dist": {
                "type": "zip",
                "url": "https://api.github.com/repos/symfony/stopwatch/zipball/497c0d9fd2a30d119f4c03740eb87d6436cc9531",
                "reference": "497c0d9fd2a30d119f4c03740eb87d6436cc9531",
                "shasum": ""
            },
            "require": {
                "php": ">=5.3.9"
            },
            "type": "library",
            "extra": {
                "branch-alias": {
                    "dev-master": "2.8-dev"
                }
            },
            "autoload": {
                "psr-4": {
                    "Symfony\\Component\\Stopwatch\\": ""
                }
            },
            "notification-url": "https://packagist.org/downloads/",
            "license": [
                "MIT"
            ],
            "authors": [
                {
                    "name": "Fabien Potencier",
                    "email": "fabien@symfony.com"
                },
                {
                    "name": "Symfony Community",
                    "homepage": "https://symfony.com/contributors"
                }
            ],
            "description": "Symfony Stopwatch Component",
            "homepage": "https://symfony.com",
            "time": "2015-10-12 08:02:31"
        }
    ],
    "packages-dev": [
        {
            "name": "bartlett/monolog-callbackfilterhandler",
            "version": "1.0.0",
            "source": {
                "type": "git",
                "url": "https://github.com/llaville/monolog-callbackfilterhandler.git",
                "reference": "8ada2b01b48e8f06e578ccba9d5c867a2420cba7"
            },
            "dist": {
                "type": "zip",
                "url": "https://api.github.com/repos/llaville/monolog-callbackfilterhandler/zipball/8ada2b01b48e8f06e578ccba9d5c867a2420cba7",
                "reference": "8ada2b01b48e8f06e578ccba9d5c867a2420cba7",
                "shasum": ""
            },
            "require": {
                "monolog/monolog": "~1.10",
                "php": ">=5.3.0"
            },
            "type": "library",
            "autoload": {
                "psr-4": {
                    "Bartlett\\": "src/Bartlett"
                }
            },
            "notification-url": "https://packagist.org/downloads/",
            "license": [
                "BSD-3-Clause"
            ],
            "authors": [
                {
                    "name": "Laurent Laville",
                    "email": "pear@laurent-laville.org",
                    "homepage": "https://github.com/llaville",
                    "role": "Lead"
                }
            ],
            "description": "Monolog handler wrapper that filters records based on a list of callback functions",
            "homepage": "http://php5.laurent-laville.org/callbackfilterhandler/",
            "keywords": [
                "handler",
                "log",
                "logger",
                "logging"
            ],
            "time": "2015-04-21 11:26:29"
        },
        {
            "name": "bartlett/monolog-growlhandler",
            "version": "1.0.0",
            "source": {
                "type": "git",
                "url": "https://github.com/llaville/monolog-growlhandler.git",
                "reference": "b6371bcba38096b292f944385e5696d5cd516378"
            },
            "dist": {
                "type": "zip",
                "url": "https://api.github.com/repos/llaville/monolog-growlhandler/zipball/b6371bcba38096b292f944385e5696d5cd516378",
                "reference": "b6371bcba38096b292f944385e5696d5cd516378",
                "shasum": ""
            },
            "require": {
                "monolog/monolog": "~1.10",
                "pear-pear.php.net/net_growl": "~2.7",
                "php": ">=5.3.0"
            },
            "require-dev": {
                "bartlett/monolog-callbackfilterhandler": "~1.0",
                "bartlett/phpunit-loggertestlistener": "~1.5"
            },
            "suggest": {
                "bartlett/monolog-callbackfilterhandler": "Advanced filtering strategies for Monolog",
                "bartlett/phpunit-loggertestlistener": "Allow logging unit tests to your favorite PSR-3 logger interface"
            },
            "type": "library",
            "autoload": {
                "psr-4": {
                    "Bartlett\\": "src/Bartlett"
                }
            },
            "notification-url": "https://packagist.org/downloads/",
            "license": [
                "BSD-3-Clause"
            ],
            "authors": [
                {
                    "name": "Laurent Laville",
                    "email": "pear@laurent-laville.org",
                    "homepage": "https://github.com/llaville",
                    "role": "Lead"
                }
            ],
            "description": "Monolog handler that send notifications to Growl on Mac OS X and Windows",
            "homepage": "http://php5.laurent-laville.org/growlhandler/",
            "keywords": [
                "gntp",
                "growl",
                "handler",
                "log",
                "logger",
                "logging",
                "notifications"
            ],
            "time": "2015-05-11 09:24:19"
        },
        {
            "name": "bartlett/phpunit-loggertestlistener",
            "version": "1.5.0",
            "source": {
                "type": "git",
                "url": "https://github.com/llaville/phpunit-LoggerTestListener.git",
                "reference": "7ad1d57a5f51490d09e2395d15d791c469353264"
            },
            "dist": {
                "type": "zip",
                "url": "https://api.github.com/repos/llaville/phpunit-LoggerTestListener/zipball/7ad1d57a5f51490d09e2395d15d791c469353264",
                "reference": "7ad1d57a5f51490d09e2395d15d791c469353264",
                "shasum": ""
            },
            "require": {
                "php": ">=5.3.0",
                "psr/log": "~1.0"
            },
            "require-dev": {
                "bartlett/monolog-callbackfilterhandler": "~1.0",
                "monolog/monolog": "~1.10"
            },
            "suggest": {
                "bartlett/monolog-callbackfilterhandler": "Advanced filtering strategies for Monolog",
                "monolog/monolog": "For advanced logging strategies"
            },
            "type": "library",
            "autoload": {
                "psr-0": {
                    "Bartlett\\": "src/"
                }
            },
            "notification-url": "https://packagist.org/downloads/",
            "license": [
                "BSD-3-Clause"
            ],
            "authors": [
                {
                    "name": "Laurent Laville",
                    "email": "pear@laurent-laville.org",
                    "homepage": "https://github.com/llaville",
                    "role": "Lead"
                }
            ],
            "description": "PHPUnit Test Suite listener for compatible PSR-3 logger",
            "homepage": "https://github.com/llaville/phpunit-LoggerTestListener",
            "time": "2015-05-04 11:26:44"
        },
        {
            "name": "bartlett/umlwriter",
            "version": "1.0.1",
            "source": {
                "type": "git",
                "url": "https://github.com/llaville/umlwriter.git",
                "reference": "d6805ccea1c0e90c35904456e5ad79a0a7a5ab8c"
            },
            "dist": {
                "type": "zip",
                "url": "https://api.github.com/repos/llaville/umlwriter/zipball/d6805ccea1c0e90c35904456e5ad79a0a7a5ab8c",
                "reference": "d6805ccea1c0e90c35904456e5ad79a0a7a5ab8c",
                "shasum": ""
            },
            "require": {
                "php": ">=5.3.0",
                "sebastian/version": "~1.0",
                "symfony/console": "~2.5"
            },
            "require-dev": {
                "andrewsville/php-token-reflection": "~1.4",
                "bartlett/php-reflect": "~3.0"
            },
            "suggest": {
                "andrewsville/php-token-reflection": "Reverse-engine, alternative solution",
                "bartlett/php-reflect": "Reverse-engine, default solution"
            },
            "bin": [
                "bin/umlwriter"
            ],
            "type": "library",
            "autoload": {
                "psr-4": {
                    "Bartlett\\": "src/Bartlett"
                }
            },
            "notification-url": "https://packagist.org/downloads/",
            "license": [
                "BSD-3-Clause"
            ],
            "authors": [
                {
                    "name": "Laurent Laville",
                    "email": "pear@laurent-laville.org",
                    "homepage": "https://github.com/llaville",
                    "role": "Lead"
                }
            ],
            "description": "Create UML class diagrams from your PHP source.",
            "homepage": "http://php5.laurent-laville.org/umlwriter/",
            "keywords": [
                "graphviz",
                "plantuml",
                "uml"
            ],
            "time": "2015-09-28 19:36:58"
        },
        {
            "name": "doctrine/cache",
            "version": "dev-master",
            "source": {
                "type": "git",
                "url": "https://github.com/doctrine/cache.git",
                "reference": "1c3483678ab767c3e21d3a96d6dd1006b327d425"
            },
            "dist": {
                "type": "zip",
                "url": "https://api.github.com/repos/doctrine/cache/zipball/1c3483678ab767c3e21d3a96d6dd1006b327d425",
                "reference": "1c3483678ab767c3e21d3a96d6dd1006b327d425",
                "shasum": ""
            },
            "require": {
                "php": ">=5.3.2"
            },
            "conflict": {
                "doctrine/common": ">2.2,<2.4"
            },
            "require-dev": {
                "phpunit/phpunit": ">=3.7",
                "predis/predis": "~1.0",
                "satooshi/php-coveralls": "~0.6"
            },
            "type": "library",
            "extra": {
                "branch-alias": {
                    "dev-master": "1.5.x-dev"
                }
            },
            "autoload": {
                "psr-0": {
                    "Doctrine\\Common\\Cache\\": "lib/"
                }
            },
            "notification-url": "https://packagist.org/downloads/",
            "license": [
                "MIT"
            ],
            "authors": [
                {
                    "name": "Roman Borschel",
                    "email": "roman@code-factory.org"
                },
                {
                    "name": "Benjamin Eberlei",
                    "email": "kontakt@beberlei.de"
                },
                {
                    "name": "Guilherme Blanco",
                    "email": "guilhermeblanco@gmail.com"
                },
                {
                    "name": "Jonathan Wage",
                    "email": "jonwage@gmail.com"
                },
                {
                    "name": "Johannes Schmitt",
                    "email": "schmittjoh@gmail.com"
                }
            ],
            "description": "Caching library offering an object-oriented API for many cache backends",
            "homepage": "http://www.doctrine-project.org",
            "keywords": [
                "cache",
                "caching"
            ],
            "time": "2015-10-08 07:32:30"
        },
        {
            "name": "monolog/monolog",
            "version": "1.17.1",
            "source": {
                "type": "git",
                "url": "https://github.com/Seldaek/monolog.git",
                "reference": "0524c87587ab85bc4c2d6f5b41253ccb930a5422"
            },
            "dist": {
                "type": "zip",
                "url": "https://api.github.com/repos/Seldaek/monolog/zipball/0524c87587ab85bc4c2d6f5b41253ccb930a5422",
                "reference": "0524c87587ab85bc4c2d6f5b41253ccb930a5422",
                "shasum": ""
            },
            "require": {
                "php": ">=5.3.0",
                "psr/log": "~1.0"
            },
            "provide": {
                "psr/log-implementation": "1.0.0"
            },
            "require-dev": {
                "aws/aws-sdk-php": "^2.4.9",
                "doctrine/couchdb": "~1.0@dev",
                "graylog2/gelf-php": "~1.0",
                "php-console/php-console": "^3.1.3",
                "phpunit/phpunit": "~4.5",
                "phpunit/phpunit-mock-objects": "2.3.0",
                "raven/raven": "~0.11",
                "ruflin/elastica": ">=0.90 <3.0",
                "swiftmailer/swiftmailer": "~5.3",
                "videlalvaro/php-amqplib": "~2.4"
            },
            "suggest": {
                "aws/aws-sdk-php": "Allow sending log messages to AWS services like DynamoDB",
                "doctrine/couchdb": "Allow sending log messages to a CouchDB server",
                "ext-amqp": "Allow sending log messages to an AMQP server (1.0+ required)",
                "ext-mongo": "Allow sending log messages to a MongoDB server",
                "graylog2/gelf-php": "Allow sending log messages to a GrayLog2 server",
                "php-console/php-console": "Allow sending log messages to Google Chrome",
                "raven/raven": "Allow sending log messages to a Sentry server",
                "rollbar/rollbar": "Allow sending log messages to Rollbar",
                "ruflin/elastica": "Allow sending log messages to an Elastic Search server",
                "videlalvaro/php-amqplib": "Allow sending log messages to an AMQP server using php-amqplib"
            },
            "type": "library",
            "extra": {
                "branch-alias": {
                    "dev-master": "1.16.x-dev"
                }
            },
            "autoload": {
                "psr-4": {
                    "Monolog\\": "src/Monolog"
                }
            },
            "notification-url": "https://packagist.org/downloads/",
            "license": [
                "MIT"
            ],
            "authors": [
                {
                    "name": "Jordi Boggiano",
                    "email": "j.boggiano@seld.be",
                    "homepage": "http://seld.be"
                }
            ],
            "description": "Sends your logs to files, sockets, inboxes, databases and various web services",
            "homepage": "http://github.com/Seldaek/monolog",
            "keywords": [
                "log",
                "logging",
                "psr-3"
            ],
            "time": "2015-08-31 09:17:37"
        },
        {
            "name": "pear-pear.php.net/Net_Growl",
            "version": "2.7.0",
            "dist": {
                "type": "file",
                "url": "https://pear.php.net/get/Net_Growl-2.7.0.tgz",
                "reference": null,
                "shasum": null
            },
            "require": {
                "ext-mbstring": "*",
                "ext-pcre": "*",
                "ext-spl": "*",
                "php": ">=5.2.0.0"
            },
            "replace": {
                "pear-pear/net_growl": "== 2.7.0.0"
            },
            "type": "pear-library",
            "autoload": {
                "classmap": [
                    ""
                ]
            },
            "include-path": [
                "/"
            ],
            "license": [
                "BSD License"
            ],
            "description": "Growl is a MACOSX application that listen to notifications sent by\napplications and displays them on the desktop using different display\nstyles. Net_Growl offers the possibility to send notifications to Growl\nfrom your PHP application through network communication using UDP."
        },
        {
            "name": "psr/log",
            "version": "dev-master",
            "source": {
                "type": "git",
                "url": "https://github.com/php-fig/log.git",
                "reference": "9e45edca52cc9c954680072c93e621f8b71fab26"
            },
            "dist": {
                "type": "zip",
                "url": "https://api.github.com/repos/php-fig/log/zipball/9e45edca52cc9c954680072c93e621f8b71fab26",
                "reference": "9e45edca52cc9c954680072c93e621f8b71fab26",
                "shasum": ""
            },
            "require": {
                "php": ">=5.3.0"
            },
            "type": "library",
            "extra": {
                "branch-alias": {
                    "dev-master": "1.0.x-dev"
                }
            },
            "autoload": {
                "psr-4": {
                    "Psr\\Log\\": "Psr/Log/"
                }
            },
            "notification-url": "https://packagist.org/downloads/",
            "license": [
                "MIT"
            ],
            "authors": [
                {
                    "name": "PHP-FIG",
                    "homepage": "http://www.php-fig.org/"
                }
            ],
            "description": "Common interface for logging libraries",
            "keywords": [
                "log",
                "psr",
                "psr-3"
            ],
            "time": "2015-06-02 13:48:41"
        }
    ],
    "aliases": [
        {
            "alias": "4.0.0",
            "alias_normalized": "4.0.0.0",
            "version": "4.0.9999999.9999999-dev",
            "package": "bartlett/php-reflect"
        }
    ],
    "minimum-stability": "dev",
    "stability-flags": {
        "bartlett/php-reflect": 20,
        "bartlett/php-compatinfo-db": 20
    },
    "prefer-stable": false,
    "prefer-lowest": false,
    "platform": {
        "php": ">=5.4.0",
        "ext-libxml": "*",
        "ext-pcre": "*",
        "ext-spl": "*",
        "ext-json": "*",
        "ext-pdo_sqlite": "*"
    },
    "platform-dev": []
}
